
Microsoft Visual Studio Solution File, Format Version 12.00
# Visual Studio Version 16
VisualStudioVersion = 16.0.31702.278
MinimumVisualStudioVersion = 10.0.40219.1
Project("{FAE04EC0-301F-11D3-BF4B-00C04F79EFBC}") = "CiolteaCatalin_Lab5", "CiolteaCatalin_Lab5.csproj", "{D01E267B-245E-48F5-AAB2-E6E853E2C993}"
EndProject
Project("{FAE04EC0-301F-11D3-BF4B-00C04F79EFBC}") = "AutoGeistModel", "..\AutoGeistModel\AutoGeistModel.csproj", "{AB3FB6F6-B7E1-49FB-88E1-71BDA94184A7}"
EndProject
Global
	GlobalSection(SolutionConfigurationPlatforms) = preSolution
		Debug|Any CPU = Debug|Any CPU
		Release|Any CPU = Release|Any CPU
	EndGlobalSection
	GlobalSection(ProjectConfigurationPlatforms) = postSolution
		{D01E267B-245E-48F5-AAB2-E6E853E2C993}.Debug|Any CPU.ActiveCfg = Debug|Any CPU
		{D01E267B-245E-48F5-AAB2-E6E853E2C993}.Debug|Any CPU.Build.0 = Debug|Any CPU
		{D01E267B-245E-48F5-AAB2-E6E853E2C993}.Release|Any CPU.ActiveCfg = Release|Any CPU
		{D01E267B-245E-48F5-AAB2-E6E853E2C993}.Release|Any CPU.Build.0 = Release|Any CPU
		{AB3FB6F6-B7E1-49FB-88E1-71BDA94184A7}.Debug|Any CPU.ActiveCfg = Debug|Any CPU
		{AB3FB6F6-B7E1-49FB-88E1-71BDA94184A7}.Debug|Any CPU.Build.0 = Debug|Any CPU
		{AB3FB6F6-B7E1-49FB-88E1-71BDA94184A7}.Release|Any CPU.ActiveCfg = Release|Any CPU
		{AB3FB6F6-B7E1-49FB-88E1-71BDA94184A7}.Release|Any CPU.Build.0 = Release|Any CPU
	EndGlobalSection
	GlobalSection(SolutionProperties) = preSolution
		HideSolutionNode = FALSE
	EndGlobalSection
	GlobalSection(ExtensibilityGlobals) = postSolution
		SolutionGuid = {ED2AAAF0-0824-4630-B7D2-9F4F73A6DD14}
	EndGlobalSection
EndGlobal
